
Microsoft Visual Studio Solution File, Format Version 12.00
# Visual Studio Version 16
VisualStudioVersion = 16.0.31624.102
MinimumVisualStudioVersion = 10.0.40219.1
Project("{9A19103F-16F7-4668-BE54-9A1E7A4F7556}") = "Shrinkr", "Shrinkr\Shrinkr.csproj", "{EC0A0D57-0C50-4D6E-8D75-47C72D677396}"
EndProject
Project("{FAE04EC0-301F-11D3-BF4B-00C04F79EFBC}") = "Shrinkr.Specifications", "Shrinkr.Specifications\Shrinkr.Specifications.csproj", "{72ECB287-61C4-4E05-8F18-F0E1B3133AA1}"
EndProject
Global
	GlobalSection(SolutionConfigurationPlatforms) = preSolution
		Debug|Any CPU = Debug|Any CPU
		Release|Any CPU = Release|Any CPU
	EndGlobalSection
	GlobalSection(ProjectConfigurationPlatforms) = postSolution
		{EC0A0D57-0C50-4D6E-8D75-47C72D677396}.Debug|Any CPU.ActiveCfg = Debug|Any CPU
		{EC0A0D57-0C50-4D6E-8D75-47C72D677396}.Debug|Any CPU.Build.0 = Debug|Any CPU
		{EC0A0D57-0C50-4D6E-8D75-47C72D677396}.Release|Any CPU.ActiveCfg = Release|Any CPU
		{EC0A0D57-0C50-4D6E-8D75-47C72D677396}.Release|Any CPU.Build.0 = Release|Any CPU
		{72ECB287-61C4-4E05-8F18-F0E1B3133AA1}.Debug|Any CPU.ActiveCfg = Debug|Any CPU
		{72ECB287-61C4-4E05-8F18-F0E1B3133AA1}.Debug|Any CPU.Build.0 = Debug|Any CPU
		{72ECB287-61C4-4E05-8F18-F0E1B3133AA1}.Release|Any CPU.ActiveCfg = Release|Any CPU
		{72ECB287-61C4-4E05-8F18-F0E1B3133AA1}.Release|Any CPU.Build.0 = Release|Any CPU
	EndGlobalSection
	GlobalSection(SolutionProperties) = preSolution
		HideSolutionNode = FALSE
	EndGlobalSection
	GlobalSection(ExtensibilityGlobals) = postSolution
		SolutionGuid = {E5356EEC-864A-468C-B352-2F00161527C4}
	EndGlobalSection
EndGlobal
